
Microsoft Visual Studio Solution File, Format Version 12.00
# Visual Studio Version 16
VisualStudioVersion = 16.0.31019.35
MinimumVisualStudioVersion = 10.0.40219.1
Project("{FAE04EC0-301F-11D3-BF4B-00C04F79EFBC}") = "CW_17325_EmployeeApp.Web", "CW_17325_EmployeeApp.Web\CW_17325_EmployeeApp.Web.csproj", "{B70B088D-9DB9-4876-8843-A603F3A65605}"
EndProject
Global
	GlobalSection(SolutionConfigurationPlatforms) = preSolution
		Debug|Any CPU = Debug|Any CPU
		Release|Any CPU = Release|Any CPU
	EndGlobalSection
	GlobalSection(ProjectConfigurationPlatforms) = postSolution
		{B70B088D-9DB9-4876-8843-A603F3A65605}.Debug|Any CPU.ActiveCfg = Debug|Any CPU
		{B70B088D-9DB9-4876-8843-A603F3A65605}.Debug|Any CPU.Build.0 = Debug|Any CPU
		{B70B088D-9DB9-4876-8843-A603F3A65605}.Release|Any CPU.ActiveCfg = Release|Any CPU
		{B70B088D-9DB9-4876-8843-A603F3A65605}.Release|Any CPU.Build.0 = Release|Any CPU
	EndGlobalSection
	GlobalSection(SolutionProperties) = preSolution
		HideSolutionNode = FALSE
	EndGlobalSection
	GlobalSection(ExtensibilityGlobals) = postSolution
		SolutionGuid = {A87B689C-C47F-4725-AC72-0B151521BDD3}
	EndGlobalSection
EndGlobal
